// !$*UTF8*$!
{
	archiveVersion = 1;
	classes = {
	};
	objectVersion = 46;
	objects = {

/* Begin PBXBuildFile section */
		58005EFA2245B3B600EF1E5F /* new-firetruck.png in Resources */ = {isa = PBXBuildFile; fileRef = 58005EF92245B3B600EF1E5F /* new-firetruck.png */; };
		588DB6A822466E530025088B /* spirograph.png in Resources */ = {isa = PBXBuildFile; fileRef = 588DB6A722466E530025088B /* spirograph.png */; };
		589C98272247C26C0096B064 /* Airplane.mp3 in Resources */ = {isa = PBXBuildFile; fileRef = 589C98242247C26B0096B064 /* Airplane.mp3 */; };
		589C98282247C26C0096B064 /* Ambulance.mp3 in Resources */ = {isa = PBXBuildFile; fileRef = 589C98252247C26C0096B064 /* Ambulance.mp3 */; };
		589C98292247C26C0096B064 /* Firetruck.mp3 in Resources */ = {isa = PBXBuildFile; fileRef = 589C98262247C26C0096B064 /* Firetruck.mp3 */; };
		589C982B2247C47F0096B064 /* Egret.mp3 in Resources */ = {isa = PBXBuildFile; fileRef = 589C982A2247C47F0096B064 /* Egret.mp3 */; };
		589C98342247C70C0096B064 /* Flag.mp3 in Resources */ = {isa = PBXBuildFile; fileRef = 589C982C2247C70B0096B064 /* Flag.mp3 */; };
		589C98352247C70C0096B064 /* Sparkles.mp3 in Resources */ = {isa = PBXBuildFile; fileRef = 589C982D2247C70B0096B064 /* Sparkles.mp3 */; };
		589C98362247C70C0096B064 /* Spiral.mp3 in Resources */ = {isa = PBXBuildFile; fileRef = 589C982E2247C70C0096B064 /* Spiral.mp3 */; };
		589C98372247C70C0096B064 /* Cake.mp3 in Resources */ = {isa = PBXBuildFile; fileRef = 589C982F2247C70C0096B064 /* Cake.mp3 */; };
		589C98382247C70C0096B064 /* Osprey.mp3 in Resources */ = {isa = PBXBuildFile; fileRef = 589C98302247C70C0096B064 /* Osprey.mp3 */; };
		589C98392247C70C0096B064 /* Balloons.mp3 in Resources */ = {isa = PBXBuildFile; fileRef = 589C98312247C70C0096B064 /* Balloons.mp3 */; };
		589C983A2247C70C0096B064 /* Spirograph.mp3 in Resources */ = {isa = PBXBuildFile; fileRef = 589C98322247C70C0096B064 /* Spirograph.mp3 */; };
		589C983B2247C70C0096B064 /* Alphabet.mp3 in Resources */ = {isa = PBXBuildFile; fileRef = 589C98332247C70C0096B064 /* Alphabet.mp3 */; };
		589C9842224959ED0096B064 /* Cement Mixer.png in Resources */ = {isa = PBXBuildFile; fileRef = 589C983C224959EC0096B064 /* Cement Mixer.png */; };
		589C9843224959ED0096B064 /* Bulldozer.png in Resources */ = {isa = PBXBuildFile; fileRef = 589C983D224959EC0096B064 /* Bulldozer.png */; };
		589C9845224959ED0096B064 /* Submarine.png in Resources */ = {isa = PBXBuildFile; fileRef = 589C983F224959EC0096B064 /* Submarine.png */; };
		589C9846224959ED0096B064 /* Towtruck.png in Resources */ = {isa = PBXBuildFile; fileRef = 589C9840224959ED0096B064 /* Towtruck.png */; };
		589C9847224959ED0096B064 /* Police Car.png in Resources */ = {isa = PBXBuildFile; fileRef = 589C9841224959ED0096B064 /* Police Car.png */; };
		58BD2F022249838900CA9348 /* heli.png in Resources */ = {isa = PBXBuildFile; fileRef = 58BD2F012249838900CA9348 /* heli.png */; };
		58BD2F092249AE6F00CA9348 /* Helicopter.mp3 in Resources */ = {isa = PBXBuildFile; fileRef = 58BD2F032249AE6E00CA9348 /* Helicopter.mp3 */; };
		58BD2F0A2249AE6F00CA9348 /* Bulldozer.mp3 in Resources */ = {isa = PBXBuildFile; fileRef = 58BD2F042249AE6E00CA9348 /* Bulldozer.mp3 */; };
		58BD2F0B2249AE6F00CA9348 /* Cement Mixer.mp3 in Resources */ = {isa = PBXBuildFile; fileRef = 58BD2F052249AE6E00CA9348 /* Cement Mixer.mp3 */; };
		58BD2F0C2249AE6F00CA9348 /* Police Car.mp3 in Resources */ = {isa = PBXBuildFile; fileRef = 58BD2F062249AE6E00CA9348 /* Police Car.mp3 */; };
		58BD2F0D2249AE6F00CA9348 /* Submarine.mp3 in Resources */ = {isa = PBXBuildFile; fileRef = 58BD2F072249AE6E00CA9348 /* Submarine.mp3 */; };
		58BD2F0E2249AE6F00CA9348 /* Towtruck.mp3 in Resources */ = {isa = PBXBuildFile; fileRef = 58BD2F082249AE6F00CA9348 /* Towtruck.mp3 */; };
		7CB6FE251C1B662700FC16A9 /* main.m in Sources */ = {isa = PBXBuildFile; fileRef = 7CB6FE241C1B662700FC16A9 /* main.m */; };
		7CB6FE281C1B662700FC16A9 /* AppDelegate.m in Sources */ = {isa = PBXBuildFile; fileRef = 7CB6FE271C1B662700FC16A9 /* AppDelegate.m */; };
		7CB6FE2B1C1B662700FC16A9 /* GameScene.m in Sources */ = {isa = PBXBuildFile; fileRef = 7CB6FE2A1C1B662700FC16A9 /* GameScene.m */; };
		7CB6FE2D1C1B662700FC16A9 /* GameScene.sks in Resources */ = {isa = PBXBuildFile; fileRef = 7CB6FE2C1C1B662700FC16A9 /* GameScene.sks */; };
		7CB6FE301C1B662700FC16A9 /* GameViewController.m in Sources */ = {isa = PBXBuildFile; fileRef = 7CB6FE2F1C1B662700FC16A9 /* GameViewController.m */; };
		7CB6FE331C1B662700FC16A9 /* Main.storyboard in Resources */ = {isa = PBXBuildFile; fileRef = 7CB6FE311C1B662700FC16A9 /* Main.storyboard */; };
		7CB6FE351C1B662700FC16A9 /* Assets.xcassets in Resources */ = {isa = PBXBuildFile; fileRef = 7CB6FE341C1B662700FC16A9 /* Assets.xcassets */; };
		7CB6FE381C1B662700FC16A9 /* LaunchScreen.storyboard in Resources */ = {isa = PBXBuildFile; fileRef = 7CB6FE361C1B662700FC16A9 /* LaunchScreen.storyboard */; };
		7CDB83A61D9D35E000A8026A /* myMagicParticle.sks in Resources */ = {isa = PBXBuildFile; fileRef = 7CDB83A51D9D35E000A8026A /* myMagicParticle.sks */; };
		7CDB83A81D9DC21700A8026A /* RandomFireyButton.png in Resources */ = {isa = PBXBuildFile; fileRef = 7CDB83A71D9DC21700A8026A /* RandomFireyButton.png */; };
		7CFAE1AB1D9158160063FD3A /* 200px-psychedelic-spiral-background.png in Resources */ = {isa = PBXBuildFile; fileRef = 7CFAE1AA1D9158160063FD3A /* 200px-psychedelic-spiral-background.png */; };
		7CFAE1AD1D915F340063FD3A /* alphabet.png in Resources */ = {isa = PBXBuildFile; fileRef = 7CFAE1AC1D915F340063FD3A /* alphabet.png */; };
		7CFAE1AF1D91E8410063FD3A /* tiered-cake-fondant-roses-top-view.png in Resources */ = {isa = PBXBuildFile; fileRef = 7CFAE1AE1D91E8410063FD3A /* tiered-cake-fondant-roses-top-view.png */; };
		7CFAE1B11D91EA8C0063FD3A /* balloons.png in Resources */ = {isa = PBXBuildFile; fileRef = 7CFAE1B01D91EA8C0063FD3A /* balloons.png */; };
		7CFAE1B51D9218810063FD3A /* myFirefliesParticle.sks in Resources */ = {isa = PBXBuildFile; fileRef = 7CFAE1B41D9218810063FD3A /* myFirefliesParticle.sks */; };
		7CFAE1B71D9218E20063FD3A /* myFireyParticle.sks in Resources */ = {isa = PBXBuildFile; fileRef = 7CFAE1B61D9218E20063FD3A /* myFireyParticle.sks */; };
		7CFAE1B91D92AADA0063FD3A /* spark.png in Resources */ = {isa = PBXBuildFile; fileRef = 7CFAE1B81D92AADA0063FD3A /* spark.png */; };
		7CFAE1BB1D93320E0063FD3A /* transparent-new-osprey.png in Resources */ = {isa = PBXBuildFile; fileRef = 7CFAE1BA1D93320E0063FD3A /* transparent-new-osprey.png */; };
		7CFAE1BF1D940CA80063FD3A /* fireflies button.png in Resources */ = {isa = PBXBuildFile; fileRef = 7CFAE1BC1D940CA80063FD3A /* fireflies button.png */; };
		7CFAE1C01D940CA80063FD3A /* firey button.png in Resources */ = {isa = PBXBuildFile; fileRef = 7CFAE1BD1D940CA80063FD3A /* firey button.png */; };
		7CFAE1C11D940CA80063FD3A /* spirograph button.png in Resources */ = {isa = PBXBuildFile; fileRef = 7CFAE1BE1D940CA80063FD3A /* spirograph button.png */; };
		7CFAE1C51D940CCE0063FD3A /* balloons button.png in Resources */ = {isa = PBXBuildFile; fileRef = 7CFAE1C21D940CCE0063FD3A /* balloons button.png */; };
		7CFAE1C61D940CCE0063FD3A /* cake button.png in Resources */ = {isa = PBXBuildFile; fileRef = 7CFAE1C31D940CCE0063FD3A /* cake button.png */; };
		7CFAE1C71D940CCE0063FD3A /* osprey button.png in Resources */ = {isa = PBXBuildFile; fileRef = 7CFAE1C41D940CCE0063FD3A /* osprey button.png */; };
		7CFAE1C91D940D700063FD3A /* psychedelic spiral button.png in Resources */ = {isa = PBXBuildFile; fileRef = 7CFAE1C81D940D700063FD3A /* psychedelic spiral button.png */; };
		7CFAE1CB1D940DE00063FD3A /* alphabet button.png in Resources */ = {isa = PBXBuildFile; fileRef = 7CFAE1CA1D940DE00063FD3A /* alphabet button.png */; };
/* End PBXBuildFile section */

/* Begin PBXFileReference section */
		58005EF92245B3B600EF1E5F /* new-firetruck.png */ = {isa = PBXFileReference; lastKnownFileType = image.png; path = "new-firetruck.png"; sourceTree = "<group>"; };
		588DB6A722466E530025088B /* spirograph.png */ = {isa = PBXFileReference; lastKnownFileType = image.png; path = spirograph.png; sourceTree = "<group>"; };
		589C98242247C26B0096B064 /* Airplane.mp3 */ = {isa = PBXFileReference; lastKnownFileType = audio.mp3; path = Airplane.mp3; sourceTree = "<group>"; };
		589C98252247C26C0096B064 /* Ambulance.mp3 */ = {isa = PBXFileReference; lastKnownFileType = audio.mp3; path = Ambulance.mp3; sourceTree = "<group>"; };
		589C98262247C26C0096B064 /* Firetruck.mp3 */ = {isa = PBXFileReference; lastKnownFileType = audio.mp3; path = Firetruck.mp3; sourceTree = "<group>"; };
		589C982A2247C47F0096B064 /* Egret.mp3 */ = {isa = PBXFileReference; lastKnownFileType = audio.mp3; path = Egret.mp3; sourceTree = "<group>"; };
		589C982C2247C70B0096B064 /* Flag.mp3 */ = {isa = PBXFileReference; lastKnownFileType = audio.mp3; path = Flag.mp3; sourceTree = "<group>"; };
		589C982D2247C70B0096B064 /* Sparkles.mp3 */ = {isa = PBXFileReference; lastKnownFileType = audio.mp3; path = Sparkles.mp3; sourceTree = "<group>"; };
		589C982E2247C70C0096B064 /* Spiral.mp3 */ = {isa = PBXFileReference; lastKnownFileType = audio.mp3; path = Spiral.mp3; sourceTree = "<group>"; };
		589C982F2247C70C0096B064 /* Cake.mp3 */ = {isa = PBXFileReference; lastKnownFileType = audio.mp3; path = Cake.mp3; sourceTree = "<group>"; };
		589C98302247C70C0096B064 /* Osprey.mp3 */ = {isa = PBXFileReference; lastKnownFileType = audio.mp3; path = Osprey.mp3; sourceTree = "<group>"; };
		589C98312247C70C0096B064 /* Balloons.mp3 */ = {isa = PBXFileReference; lastKnownFileType = audio.mp3; path = Balloons.mp3; sourceTree = "<group>"; };
		589C98322247C70C0096B064 /* Spirograph.mp3 */ = {isa = PBXFileReference; lastKnownFileType = audio.mp3; path = Spirograph.mp3; sourceTree = "<group>"; };
		589C98332247C70C0096B064 /* Alphabet.mp3 */ = {isa = PBXFileReference; lastKnownFileType = audio.mp3; path = Alphabet.mp3; sourceTree = "<group>"; };
		589C983C224959EC0096B064 /* Cement Mixer.png */ = {isa = PBXFileReference; lastKnownFileType = image.png; path = "Cement Mixer.png"; sourceTree = "<group>"; };
		589C983D224959EC0096B064 /* Bulldozer.png */ = {isa = PBXFileReference; lastKnownFileType = image.png; path = Bulldozer.png; sourceTree = "<group>"; };
		589C983F224959EC0096B064 /* Submarine.png */ = {isa = PBXFileReference; lastKnownFileType = image.png; path = Submarine.png; sourceTree = "<group>"; };
		589C9840224959ED0096B064 /* Towtruck.png */ = {isa = PBXFileReference; lastKnownFileType = image.png; path = Towtruck.png; sourceTree = "<group>"; };
		589C9841224959ED0096B064 /* Police Car.png */ = {isa = PBXFileReference; lastKnownFileType = image.png; path = "Police Car.png"; sourceTree = "<group>"; };
		58BD2F012249838900CA9348 /* heli.png */ = {isa = PBXFileReference; lastKnownFileType = image.png; path = heli.png; sourceTree = "<group>"; };
		58BD2F032249AE6E00CA9348 /* Helicopter.mp3 */ = {isa = PBXFileReference; lastKnownFileType = audio.mp3; path = Helicopter.mp3; sourceTree = "<group>"; };
		58BD2F042249AE6E00CA9348 /* Bulldozer.mp3 */ = {isa = PBXFileReference; lastKnownFileType = audio.mp3; path = Bulldozer.mp3; sourceTree = "<group>"; };
		58BD2F052249AE6E00CA9348 /* Cement Mixer.mp3 */ = {isa = PBXFileReference; lastKnownFileType = audio.mp3; path = "Cement Mixer.mp3"; sourceTree = "<group>"; };
		58BD2F062249AE6E00CA9348 /* Police Car.mp3 */ = {isa = PBXFileReference; lastKnownFileType = audio.mp3; path = "Police Car.mp3"; sourceTree = "<group>"; };
		58BD2F072249AE6E00CA9348 /* Submarine.mp3 */ = {isa = PBXFileReference; lastKnownFileType = audio.mp3; path = Submarine.mp3; sourceTree = "<group>"; };
		58BD2F082249AE6F00CA9348 /* Towtruck.mp3 */ = {isa = PBXFileReference; lastKnownFileType = audio.mp3; path = Towtruck.mp3; sourceTree = "<group>"; };
		7CB6FE201C1B662700FC16A9 /* PaintWithShapes.app */ = {isa = PBXFileReference; explicitFileType = wrapper.application; includeInIndex = 0; path = PaintWithShapes.app; sourceTree = BUILT_PRODUCTS_DIR; };
		7CB6FE241C1B662700FC16A9 /* main.m */ = {isa = PBXFileReference; lastKnownFileType = sourcecode.c.objc; path = main.m; sourceTree = "<group>"; };
		7CB6FE261C1B662700FC16A9 /* AppDelegate.h */ = {isa = PBXFileReference; lastKnownFileType = sourcecode.c.h; path = AppDelegate.h; sourceTree = "<group>"; };
		7CB6FE271C1B662700FC16A9 /* AppDelegate.m */ = {isa = PBXFileReference; lastKnownFileType = sourcecode.c.objc; path = AppDelegate.m; sourceTree = "<group>"; };
		7CB6FE291C1B662700FC16A9 /* GameScene.h */ = {isa = PBXFileReference; lastKnownFileType = sourcecode.c.h; path = GameScene.h; sourceTree = "<group>"; };
		7CB6FE2A1C1B662700FC16A9 /* GameScene.m */ = {isa = PBXFileReference; lastKnownFileType = sourcecode.c.objc; path = GameScene.m; sourceTree = "<group>"; };
		7CB6FE2C1C1B662700FC16A9 /* GameScene.sks */ = {isa = PBXFileReference; lastKnownFileType = file.sks; path = GameScene.sks; sourceTree = "<group>"; };
		7CB6FE2E1C1B662700FC16A9 /* GameViewController.h */ = {isa = PBXFileReference; lastKnownFileType = sourcecode.c.h; path = GameViewController.h; sourceTree = "<group>"; };
		7CB6FE2F1C1B662700FC16A9 /* GameViewController.m */ = {isa = PBXFileReference; lastKnownFileType = sourcecode.c.objc; path = GameViewController.m; sourceTree = "<group>"; };
		7CB6FE321C1B662700FC16A9 /* Base */ = {isa = PBXFileReference; lastKnownFileType = file.storyboard; name = Base; path = Base.lproj/Main.storyboard; sourceTree = "<group>"; };
		7CB6FE341C1B662700FC16A9 /* Assets.xcassets */ = {isa = PBXFileReference; lastKnownFileType = folder.assetcatalog; path = Assets.xcassets; sourceTree = "<group>"; };
		7CB6FE371C1B662700FC16A9 /* Base */ = {isa = PBXFileReference; lastKnownFileType = file.storyboard; name = Base; path = Base.lproj/LaunchScreen.storyboard; sourceTree = "<group>"; };
		7CB6FE391C1B662700FC16A9 /* Info.plist */ = {isa = PBXFileReference; lastKnownFileType = text.plist.xml; path = Info.plist; sourceTree = "<group>"; };
		7CDB83A51D9D35E000A8026A /* myMagicParticle.sks */ = {isa = PBXFileReference; lastKnownFileType = file.sks; path = myMagicParticle.sks; sourceTree = "<group>"; };
		7CDB83A71D9DC21700A8026A /* RandomFireyButton.png */ = {isa = PBXFileReference; lastKnownFileType = image.png; path = RandomFireyButton.png; sourceTree = "<group>"; };
		7CFAE1AA1D9158160063FD3A /* 200px-psychedelic-spiral-background.png */ = {isa = PBXFileReference; lastKnownFileType = image.png; path = "200px-psychedelic-spiral-background.png"; sourceTree = "<group>"; };
		7CFAE1AC1D915F340063FD3A /* alphabet.png */ = {isa = PBXFileReference; lastKnownFileType = image.png; path = alphabet.png; sourceTree = "<group>"; };
		7CFAE1AE1D91E8410063FD3A /* tiered-cake-fondant-roses-top-view.png */ = {isa = PBXFileReference; lastKnownFileType = image.png; path = "tiered-cake-fondant-roses-top-view.png"; sourceTree = "<group>"; };
		7CFAE1B01D91EA8C0063FD3A /* balloons.png */ = {isa = PBXFileReference; lastKnownFileType = image.png; path = balloons.png; sourceTree = "<group>"; };
		7CFAE1B41D9218810063FD3A /* myFirefliesParticle.sks */ = {isa = PBXFileReference; lastKnownFileType = file.sks; path = myFirefliesParticle.sks; sourceTree = "<group>"; };
		7CFAE1B61D9218E20063FD3A /* myFireyParticle.sks */ = {isa = PBXFileReference; lastKnownFileType = file.sks; path = myFireyParticle.sks; sourceTree = "<group>"; };
		7CFAE1B81D92AADA0063FD3A /* spark.png */ = {isa = PBXFileReference; lastKnownFileType = image.png; path = spark.png; sourceTree = "<group>"; };
		7CFAE1BA1D93320E0063FD3A /* transparent-new-osprey.png */ = {isa = PBXFileReference; lastKnownFileType = image.png; path = "transparent-new-osprey.png"; sourceTree = "<group>"; };
		7CFAE1BC1D940CA80063FD3A /* fireflies button.png */ = {isa = PBXFileReference; lastKnownFileType = image.png; path = "fireflies button.png"; sourceTree = "<group>"; };
		7CFAE1BD1D940CA80063FD3A /* firey button.png */ = {isa = PBXFileReference; lastKnownFileType = image.png; path = "firey button.png"; sourceTree = "<group>"; };
		7CFAE1BE1D940CA80063FD3A /* spirograph button.png */ = {isa = PBXFileReference; lastKnownFileType = image.png; path = "spirograph button.png"; sourceTree = "<group>"; };
		7CFAE1C21D940CCE0063FD3A /* balloons button.png */ = {isa = PBXFileReference; lastKnownFileType = image.png; path = "balloons button.png"; sourceTree = "<group>"; };
		7CFAE1C31D940CCE0063FD3A /* cake button.png */ = {isa = PBXFileReference; lastKnownFileType = image.png; path = "cake button.png"; sourceTree = "<group>"; };
		7CFAE1C41D940CCE0063FD3A /* osprey button.png */ = {isa = PBXFileReference; lastKnownFileType = image.png; path = "osprey button.png"; sourceTree = "<group>"; };
		7CFAE1C81D940D700063FD3A /* psychedelic spiral button.png */ = {isa = PBXFileReference; lastKnownFileType = image.png; path = "psychedelic spiral button.png"; sourceTree = "<group>"; };
		7CFAE1CA1D940DE00063FD3A /* alphabet button.png */ = {isa = PBXFileReference; lastKnownFileType = image.png; path = "alphabet button.png"; sourceTree = "<group>"; };
/* End PBXFileReference section */

/* Begin PBXFrameworksBuildPhase section */
		7CB6FE1D1C1B662700FC16A9 /* Frameworks */ = {
			isa = PBXFrameworksBuildPhase;
			buildActionMask = 2147483647;
			files = (
			);
			runOnlyForDeploymentPostprocessing = 0;
		};
/* End PBXFrameworksBuildPhase section */

/* Begin PBXGroup section */
		7CB6FE171C1B662700FC16A9 = {
			isa = PBXGroup;
			children = (
				7CB6FE221C1B662700FC16A9 /* rzPaintWithShapes */,
				7CB6FE211C1B662700FC16A9 /* Products */,
			);
			sourceTree = "<group>";
		};
		7CB6FE211C1B662700FC16A9 /* Products */ = {
			isa = PBXGroup;
			children = (
				7CB6FE201C1B662700FC16A9 /* PaintWithShapes.app */,
			);
			name = Products;
			sourceTree = "<group>";
		};
		7CB6FE221C1B662700FC16A9 /* rzPaintWithShapes */ = {
			isa = PBXGroup;
			children = (
				7CB6FE261C1B662700FC16A9 /* AppDelegate.h */,
				7CB6FE271C1B662700FC16A9 /* AppDelegate.m */,
				7CB6FE291C1B662700FC16A9 /* GameScene.h */,
				7CB6FE2A1C1B662700FC16A9 /* GameScene.m */,
				7CDB83A51D9D35E000A8026A /* myMagicParticle.sks */,
				7CB6FE2C1C1B662700FC16A9 /* GameScene.sks */,
				7CB6FE2E1C1B662700FC16A9 /* GameViewController.h */,
				7CB6FE2F1C1B662700FC16A9 /* GameViewController.m */,
				7CB6FE311C1B662700FC16A9 /* Main.storyboard */,
				7CB6FE341C1B662700FC16A9 /* Assets.xcassets */,
				7CB6FE361C1B662700FC16A9 /* LaunchScreen.storyboard */,
				7CB6FE391C1B662700FC16A9 /* Info.plist */,
				7CB6FE231C1B662700FC16A9 /* Supporting Files */,
			);
			path = rzPaintWithShapes;
			sourceTree = "<group>";
		};
		7CB6FE231C1B662700FC16A9 /* Supporting Files */ = {
			isa = PBXGroup;
			children = (
				58BD2F042249AE6E00CA9348 /* Bulldozer.mp3 */,
				58BD2F052249AE6E00CA9348 /* Cement Mixer.mp3 */,
				58BD2F032249AE6E00CA9348 /* Helicopter.mp3 */,
				58BD2F062249AE6E00CA9348 /* Police Car.mp3 */,
				58BD2F072249AE6E00CA9348 /* Submarine.mp3 */,
				58BD2F082249AE6F00CA9348 /* Towtruck.mp3 */,
				58BD2F012249838900CA9348 /* heli.png */,
				589C983D224959EC0096B064 /* Bulldozer.png */,
				589C983C224959EC0096B064 /* Cement Mixer.png */,
				589C9841224959ED0096B064 /* Police Car.png */,
				589C983F224959EC0096B064 /* Submarine.png */,
				589C9840224959ED0096B064 /* Towtruck.png */,
				589C98332247C70C0096B064 /* Alphabet.mp3 */,
				589C98312247C70C0096B064 /* Balloons.mp3 */,
				589C982F2247C70C0096B064 /* Cake.mp3 */,
				589C982C2247C70B0096B064 /* Flag.mp3 */,
				589C98302247C70C0096B064 /* Osprey.mp3 */,
				589C982D2247C70B0096B064 /* Sparkles.mp3 */,
				589C982E2247C70C0096B064 /* Spiral.mp3 */,
				589C98322247C70C0096B064 /* Spirograph.mp3 */,
				589C982A2247C47F0096B064 /* Egret.mp3 */,
				589C98242247C26B0096B064 /* Airplane.mp3 */,
				589C98252247C26C0096B064 /* Ambulance.mp3 */,
				589C98262247C26C0096B064 /* Firetruck.mp3 */,
				588DB6A722466E530025088B /* spirograph.png */,
				58005EF92245B3B600EF1E5F /* new-firetruck.png */,
				7CFAE1CA1D940DE00063FD3A /* alphabet button.png */,
				7CFAE1C21D940CCE0063FD3A /* balloons button.png */,
				7CFAE1C81D940D700063FD3A /* psychedelic spiral button.png */,
				7CFAE1C31D940CCE0063FD3A /* cake button.png */,
				7CDB83A71D9DC21700A8026A /* RandomFireyButton.png */,
				7CFAE1C41D940CCE0063FD3A /* osprey button.png */,
				7CFAE1BC1D940CA80063FD3A /* fireflies button.png */,
				7CFAE1BD1D940CA80063FD3A /* firey button.png */,
				7CFAE1BE1D940CA80063FD3A /* spirograph button.png */,
				7CB6FE241C1B662700FC16A9 /* main.m */,
				7CFAE1B81D92AADA0063FD3A /* spark.png */,
				7CFAE1BA1D93320E0063FD3A /* transparent-new-osprey.png */,
				7CFAE1B61D9218E20063FD3A /* myFireyParticle.sks */,
				7CFAE1B41D9218810063FD3A /* myFirefliesParticle.sks */,
				7CFAE1B01D91EA8C0063FD3A /* balloons.png */,
				7CFAE1AC1D915F340063FD3A /* alphabet.png */,
				7CFAE1AE1D91E8410063FD3A /* tiered-cake-fondant-roses-top-view.png */,
				7CFAE1AA1D9158160063FD3A /* 200px-psychedelic-spiral-background.png */,
			);
			name = "Supporting Files";
			sourceTree = "<group>";
		};
/* End PBXGroup section */

/* Begin PBXNativeTarget section */
		7CB6FE1F1C1B662700FC16A9 /* PaintWithShapes */ = {
			isa = PBXNativeTarget;
			buildConfigurationList = 7CB6FE3C1C1B662700FC16A9 /* Build configuration list for PBXNativeTarget "PaintWithShapes" */;
			buildPhases = (
				7CB6FE1C1C1B662700FC16A9 /* Sources */,
				7CB6FE1D1C1B662700FC16A9 /* Frameworks */,
				7CB6FE1E1C1B662700FC16A9 /* Resources */,
			);
			buildRules = (
			);
			dependencies = (
			);
			name = PaintWithShapes;
			productName = rzSpriteKaleidoscope;
			productReference = 7CB6FE201C1B662700FC16A9 /* PaintWithShapes.app */;
			productType = "com.apple.product-type.application";
		};
/* End PBXNativeTarget section */

/* Begin PBXProject section */
		7CB6FE181C1B662700FC16A9 /* Project object */ = {
			isa = PBXProject;
			attributes = {
				LastUpgradeCheck = 1020;
				ORGANIZATIONNAME = "Robert Zimmelman";
				TargetAttributes = {
					7CB6FE1F1C1B662700FC16A9 = {
						CreatedOnToolsVersion = 7.2;
						DevelopmentTeam = 8RV36K5JJ4;
						LastSwiftMigration = 1020;
					};
				};
			};
			buildConfigurationList = 7CB6FE1B1C1B662700FC16A9 /* Build configuration list for PBXProject "PaintWithShapes" */;
			compatibilityVersion = "Xcode 3.2";
			developmentRegion = en;
			hasScannedForEncodings = 0;
			knownRegions = (
				en,
				Base,
			);
			mainGroup = 7CB6FE171C1B662700FC16A9;
			productRefGroup = 7CB6FE211C1B662700FC16A9 /* Products */;
			projectDirPath = "";
			projectRoot = "";
			targets = (
				7CB6FE1F1C1B662700FC16A9 /* PaintWithShapes */,
			);
		};
/* End PBXProject section */

/* Begin PBXResourcesBuildPhase section */
		7CB6FE1E1C1B662700FC16A9 /* Resources */ = {
			isa = PBXResourcesBuildPhase;
			buildActionMask = 2147483647;
			files = (
				589C98342247C70C0096B064 /* Flag.mp3 in Resources */,
				588DB6A822466E530025088B /* spirograph.png in Resources */,
				58BD2F0A2249AE6F00CA9348 /* Bulldozer.mp3 in Resources */,
				58BD2F0B2249AE6F00CA9348 /* Cement Mixer.mp3 in Resources */,
				7CB6FE2D1C1B662700FC16A9 /* GameScene.sks in Resources */,
				589C983B2247C70C0096B064 /* Alphabet.mp3 in Resources */,
				7CFAE1BB1D93320E0063FD3A /* transparent-new-osprey.png in Resources */,
				589C98282247C26C0096B064 /* Ambulance.mp3 in Resources */,
				7CFAE1C01D940CA80063FD3A /* firey button.png in Resources */,
				7CFAE1B91D92AADA0063FD3A /* spark.png in Resources */,
				7CFAE1B11D91EA8C0063FD3A /* balloons.png in Resources */,
				58005EFA2245B3B600EF1E5F /* new-firetruck.png in Resources */,
				7CB6FE381C1B662700FC16A9 /* LaunchScreen.storyboard in Resources */,
				58BD2F0E2249AE6F00CA9348 /* Towtruck.mp3 in Resources */,
				7CFAE1BF1D940CA80063FD3A /* fireflies button.png in Resources */,
				7CFAE1C61D940CCE0063FD3A /* cake button.png in Resources */,
				7CDB83A81D9DC21700A8026A /* RandomFireyButton.png in Resources */,
				7CDB83A61D9D35E000A8026A /* myMagicParticle.sks in Resources */,
				7CFAE1C11D940CA80063FD3A /* spirograph button.png in Resources */,
				58BD2F0C2249AE6F00CA9348 /* Police Car.mp3 in Resources */,
				589C98362247C70C0096B064 /* Spiral.mp3 in Resources */,
				589C9846224959ED0096B064 /* Towtruck.png in Resources */,
				7CFAE1B51D9218810063FD3A /* myFirefliesParticle.sks in Resources */,
				58BD2F092249AE6F00CA9348 /* Helicopter.mp3 in Resources */,
				589C98382247C70C0096B064 /* Osprey.mp3 in Resources */,
				7CFAE1AF1D91E8410063FD3A /* tiered-cake-fondant-roses-top-view.png in Resources */,
				7CB6FE351C1B662700FC16A9 /* Assets.xcassets in Resources */,
				589C983A2247C70C0096B064 /* Spirograph.mp3 in Resources */,
				7CFAE1B71D9218E20063FD3A /* myFireyParticle.sks in Resources */,
				589C98352247C70C0096B064 /* Sparkles.mp3 in Resources */,
				589C9847224959ED0096B064 /* Police Car.png in Resources */,
				589C982B2247C47F0096B064 /* Egret.mp3 in Resources */,
				589C9843224959ED0096B064 /* Bulldozer.png in Resources */,
				7CFAE1C51D940CCE0063FD3A /* balloons button.png in Resources */,
				7CFAE1C71D940CCE0063FD3A /* osprey button.png in Resources */,
				589C98272247C26C0096B064 /* Airplane.mp3 in Resources */,
				589C9845224959ED0096B064 /* Submarine.png in Resources */,
				7CB6FE331C1B662700FC16A9 /* Main.storyboard in Resources */,
				589C98372247C70C0096B064 /* Cake.mp3 in Resources */,
				7CFAE1AD1D915F340063FD3A /* alphabet.png in Resources */,
				7CFAE1AB1D9158160063FD3A /* 200px-psychedelic-spiral-background.png in Resources */,
				58BD2F0D2249AE6F00CA9348 /* Submarine.mp3 in Resources */,
				7CFAE1C91D940D700063FD3A /* psychedelic spiral button.png in Resources */,
				589C98392247C70C0096B064 /* Balloons.mp3 in Resources */,
				7CFAE1CB1D940DE00063FD3A /* alphabet button.png in Resources */,
				589C9842224959ED0096B064 /* Cement Mixer.png in Resources */,
				589C98292247C26C0096B064 /* Firetruck.mp3 in Resources */,
				58BD2F022249838900CA9348 /* heli.png in Resources */,
			);
			runOnlyForDeploymentPostprocessing = 0;
		};
/* End PBXResourcesBuildPhase section */

/* Begin PBXSourcesBuildPhase section */
		7CB6FE1C1C1B662700FC16A9 /* Sources */ = {
			isa = PBXSourcesBuildPhase;
			buildActionMask = 2147483647;
			files = (
				7CB6FE301C1B662700FC16A9 /* GameViewController.m in Sources */,
				7CB6FE281C1B662700FC16A9 /* AppDelegate.m in Sources */,
				7CB6FE2B1C1B662700FC16A9 /* GameScene.m in Sources */,
				7CB6FE251C1B662700FC16A9 /* main.m in Sources */,
			);
			runOnlyForDeploymentPostprocessing = 0;
		};
/* End PBXSourcesBuildPhase section */

/* Begin PBXVariantGroup section */
		7CB6FE311C1B662700FC16A9 /* Main.storyboard */ = {
			isa = PBXVariantGroup;
			children = (
				7CB6FE321C1B662700FC16A9 /* Base */,
			);
			name = Main.storyboard;
			sourceTree = "<group>";
		};
		7CB6FE361C1B662700FC16A9 /* LaunchScreen.storyboard */ = {
			isa = PBXVariantGroup;
			children = (
				7CB6FE371C1B662700FC16A9 /* Base */,
			);
			name = LaunchScreen.storyboard;
			sourceTree = "<group>";
		};
/* End PBXVariantGroup section */

/* Begin XCBuildConfiguration section */
		7CB6FE3A1C1B662700FC16A9 /* Debug */ = {
			isa = XCBuildConfiguration;
			buildSettings = {
				ALWAYS_SEARCH_USER_PATHS = NO;
				CLANG_ANALYZER_LOCALIZABILITY_NONLOCALIZED = YES;
				CLANG_CXX_LANGUAGE_STANDARD = "gnu++0x";
				CLANG_CXX_LIBRARY = "libc++";
				CLANG_ENABLE_MODULES = YES;
				CLANG_ENABLE_OBJC_ARC = YES;
				CLANG_WARN_BLOCK_CAPTURE_AUTORELEASING = YES;
				CLANG_WARN_BOOL_CONVERSION = YES;
				CLANG_WARN_COMMA = YES;
				CLANG_WARN_CONSTANT_CONVERSION = YES;
				CLANG_WARN_DEPRECATED_OBJC_IMPLEMENTATIONS = YES;
				CLANG_WARN_DIRECT_OBJC_ISA_USAGE = YES_ERROR;
				CLANG_WARN_EMPTY_BODY = YES;
				CLANG_WARN_ENUM_CONVERSION = YES;
				CLANG_WARN_INFINITE_RECURSION = YES;
				CLANG_WARN_INT_CONVERSION = YES;
				CLANG_WARN_NON_LITERAL_NULL_CONVERSION = YES;
				CLANG_WARN_OBJC_IMPLICIT_RETAIN_SELF = YES;
				CLANG_WARN_OBJC_LITERAL_CONVERSION = YES;
				CLANG_WARN_OBJC_ROOT_CLASS = YES_ERROR;
				CLANG_WARN_RANGE_LOOP_ANALYSIS = YES;
				CLANG_WARN_STRICT_PROTOTYPES = YES;
				CLANG_WARN_SUSPICIOUS_MOVE = YES;
				CLANG_WARN_UNREACHABLE_CODE = YES;
				CLANG_WARN__DUPLICATE_METHOD_MATCH = YES;
				"CODE_SIGN_IDENTITY[sdk=iphoneos*]" = "iPhone Developer";
				COPY_PHASE_STRIP = NO;
				DEBUG_INFORMATION_FORMAT = "dwarf-with-dsym";
				ENABLE_STRICT_OBJC_MSGSEND = YES;
				ENABLE_TESTABILITY = YES;
				GCC_C_LANGUAGE_STANDARD = gnu99;
				GCC_DYNAMIC_NO_PIC = NO;
				GCC_NO_COMMON_BLOCKS = YES;
				GCC_OPTIMIZATION_LEVEL = 0;
				GCC_PREPROCESSOR_DEFINITIONS = (
					"DEBUG=1",
					"$(inherited)",
				);
				GCC_WARN_64_TO_32_BIT_CONVERSION = YES;
				GCC_WARN_ABOUT_RETURN_TYPE = YES_ERROR;
				GCC_WARN_UNDECLARED_SELECTOR = YES;
				GCC_WARN_UNINITIALIZED_AUTOS = YES_AGGRESSIVE;
				GCC_WARN_UNUSED_FUNCTION = YES;
				GCC_WARN_UNUSED_VARIABLE = YES;
				IPHONEOS_DEPLOYMENT_TARGET = 9.2;
				MTL_ENABLE_DEBUG_INFO = YES;
				ONLY_ACTIVE_ARCH = YES;
				SDKROOT = iphoneos;
				TARGETED_DEVICE_FAMILY = "1,2";
			};
			name = Debug;
		};
		7CB6FE3B1C1B662700FC16A9 /* Release */ = {
			isa = XCBuildConfiguration;
			buildSettings = {
				ALWAYS_SEARCH_USER_PATHS = NO;
				CLANG_ANALYZER_LOCALIZABILITY_NONLOCALIZED = YES;
				CLANG_CXX_LANGUAGE_STANDARD = "gnu++0x";
				CLANG_CXX_LIBRARY = "libc++";
				CLANG_ENABLE_MODULES = YES;
				CLANG_ENABLE_OBJC_ARC = YES;
				CLANG_WARN_BLOCK_CAPTURE_AUTORELEASING = YES;
				CLANG_WARN_BOOL_CONVERSION = YES;
				CLANG_WARN_COMMA = YES;
				CLANG_WARN_CONSTANT_CONVERSION = YES;
				CLANG_WARN_DEPRECATED_OBJC_IMPLEMENTATIONS = YES;
				CLANG_WARN_DIRECT_OBJC_ISA_USAGE = YES_ERROR;
				CLANG_WARN_EMPTY_BODY = YES;
				CLANG_WARN_ENUM_CONVERSION = YES;
				CLANG_WARN_INFINITE_RECURSION = YES;
				CLANG_WARN_INT_CONVERSION = YES;
				CLANG_WARN_NON_LITERAL_NULL_CONVERSION = YES;
				CLANG_WARN_OBJC_IMPLICIT_RETAIN_SELF = YES;
				CLANG_WARN_OBJC_LITERAL_CONVERSION = YES;
				CLANG_WARN_OBJC_ROOT_CLASS = YES_ERROR;
				CLANG_WARN_RANGE_LOOP_ANALYSIS = YES;
				CLANG_WARN_STRICT_PROTOTYPES = YES;
				CLANG_WARN_SUSPICIOUS_MOVE = YES;
				CLANG_WARN_UNREACHABLE_CODE = YES;
				CLANG_WARN__DUPLICATE_METHOD_MATCH = YES;
				"CODE_SIGN_IDENTITY[sdk=iphoneos*]" = "iPhone Developer";
				COPY_PHASE_STRIP = NO;
				DEBUG_INFORMATION_FORMAT = "dwarf-with-dsym";
				ENABLE_NS_ASSERTIONS = NO;
				ENABLE_STRICT_OBJC_MSGSEND = YES;
				GCC_C_LANGUAGE_STANDARD = gnu99;
				GCC_NO_COMMON_BLOCKS = YES;
				GCC_WARN_64_TO_32_BIT_CONVERSION = YES;
				GCC_WARN_ABOUT_RETURN_TYPE = YES_ERROR;
				GCC_WARN_UNDECLARED_SELECTOR = YES;
				GCC_WARN_UNINITIALIZED_AUTOS = YES_AGGRESSIVE;
				GCC_WARN_UNUSED_FUNCTION = YES;
				GCC_WARN_UNUSED_VARIABLE = YES;
				IPHONEOS_DEPLOYMENT_TARGET = 9.2;
				MTL_ENABLE_DEBUG_INFO = NO;
				SDKROOT = iphoneos;
				SWIFT_COMPILATION_MODE = wholemodule;
				TARGETED_DEVICE_FAMILY = "1,2";
				VALIDATE_PRODUCT = YES;
			};
			name = Release;
		};
		7CB6FE3D1C1B662700FC16A9 /* Debug */ = {
			isa = XCBuildConfiguration;
			buildSettings = {
				ASSETCATALOG_COMPILER_APPICON_NAME = AppIcon;
				CLANG_ENABLE_MODULES = YES;
				DEVELOPMENT_TEAM = 8RV36K5JJ4;
				INFOPLIST_FILE = "$(SRCROOT)/rzPaintWithShapes/Info.plist";
				IPHONEOS_DEPLOYMENT_TARGET = 9.2;
				LD_RUNPATH_SEARCH_PATHS = "$(inherited) @executable_path/Frameworks";
				PRODUCT_BUNDLE_IDENTIFIER = org.zimmelman.paintwithshapes;
				PRODUCT_NAME = "$(TARGET_NAME)";
				SWIFT_OBJC_BRIDGING_HEADER = "rzSpriteKaleidoscope-Bridging-Header.h";
				SWIFT_OPTIMIZATION_LEVEL = "-Onone";
				SWIFT_VERSION = 5.0;
			};
			name = Debug;
		};
		7CB6FE3E1C1B662700FC16A9 /* Release */ = {
			isa = XCBuildConfiguration;
			buildSettings = {
				ASSETCATALOG_COMPILER_APPICON_NAME = AppIcon;
				CLANG_ENABLE_MODULES = YES;
				DEVELOPMENT_TEAM = 8RV36K5JJ4;
				INFOPLIST_FILE = "$(SRCROOT)/rzPaintWithShapes/Info.plist";
				IPHONEOS_DEPLOYMENT_TARGET = 9.2;
				LD_RUNPATH_SEARCH_PATHS = "$(inherited) @executable_path/Frameworks";
				PRODUCT_BUNDLE_IDENTIFIER = org.zimmelman.paintwithshapes;
				PRODUCT_NAME = "$(TARGET_NAME)";
				SWIFT_OBJC_BRIDGING_HEADER = "rzSpriteKaleidoscope-Bridging-Header.h";
				SWIFT_VERSION = 5.0;
			};
			name = Release;
		};
/* End XCBuildConfiguration section */

/* Begin XCConfigurationList section */
		7CB6FE1B1C1B662700FC16A9 /* Build configuration list for PBXProject "PaintWithShapes" */ = {
			isa = XCConfigurationList;
			buildConfigurations = (
				7CB6FE3A1C1B662700FC16A9 /* Debug */,
				7CB6FE3B1C1B662700FC16A9 /* Release */,
			);
			defaultConfigurationIsVisible = 0;
			defaultConfigurationName = Release;
		};
		7CB6FE3C1C1B662700FC16A9 /* Build configuration list for PBXNativeTarget "PaintWithShapes" */ = {
			isa = XCConfigurationList;
			buildConfigurations = (
				7CB6FE3D1C1B662700FC16A9 /* Debug */,
				7CB6FE3E1C1B662700FC16A9 /* Release */,
			);
			defaultConfigurationIsVisible = 0;
			defaultConfigurationName = Release;
		};
/* End XCConfigurationList section */
	};
	rootObject = 7CB6FE181C1B662700FC16A9 /* Project object */;
}
